
Microsoft Visual Studio Solution File, Format Version 12.00
# Visual Studio 15
VisualStudioVersion = 15.0.28307.438
MinimumVisualStudioVersion = 10.0.40219.1
Project("{FAE04EC0-301F-11D3-BF4B-00C04F79EFBC}") = "Proj_przegladarka", "Proj_przegladarka\Proj_przegladarka.csproj", "{9AA0C5F7-4EFF-49CA-88BA-FCE7F8462862}"
EndProject
Project("{54435603-DBB4-11D2-8724-00A0C9A8B90C}") = "Instalacja Przegladarki", "Instalacja Przegladarki\Instalacja Przegladarki.vdproj", "{52646D7F-0ABE-42C4-8DFD-FD109DC189B8}"
EndProject
Global
	GlobalSection(SolutionConfigurationPlatforms) = preSolution
		Debug|Any CPU = Debug|Any CPU
		Release|Any CPU = Release|Any CPU
	EndGlobalSection
	GlobalSection(ProjectConfigurationPlatforms) = postSolution
		{9AA0C5F7-4EFF-49CA-88BA-FCE7F8462862}.Debug|Any CPU.ActiveCfg = Debug|Any CPU
		{9AA0C5F7-4EFF-49CA-88BA-FCE7F8462862}.Debug|Any CPU.Build.0 = Debug|Any CPU
		{9AA0C5F7-4EFF-49CA-88BA-FCE7F8462862}.Release|Any CPU.ActiveCfg = Release|Any CPU
		{9AA0C5F7-4EFF-49CA-88BA-FCE7F8462862}.Release|Any CPU.Build.0 = Release|Any CPU
		{52646D7F-0ABE-42C4-8DFD-FD109DC189B8}.Debug|Any CPU.ActiveCfg = Debug
		{52646D7F-0ABE-42C4-8DFD-FD109DC189B8}.Release|Any CPU.ActiveCfg = Release
	EndGlobalSection
	GlobalSection(SolutionProperties) = preSolution
		HideSolutionNode = FALSE
	EndGlobalSection
	GlobalSection(ExtensibilityGlobals) = postSolution
		SolutionGuid = {2184D6DD-AC0E-4E4B-9B43-771C95B68A7A}
	EndGlobalSection
EndGlobal
